
Microsoft Visual Studio Solution File, Format Version 12.00
# Visual Studio Version 17
VisualStudioVersion = 17.9.34728.123
MinimumVisualStudioVersion = 10.0.40219.1
Project("{888888A0-9F3D-457C-B088-3A5042F75D52}") = "Python_BlackJack21", "Python_BlackJack21\Python_BlackJack21.pyproj", "{9E78263F-118D-4BF3-B18A-149B128B8C59}"
EndProject
Global
	GlobalSection(SolutionConfigurationPlatforms) = preSolution
		Debug|Any CPU = Debug|Any CPU
		Release|Any CPU = Release|Any CPU
	EndGlobalSection
	GlobalSection(ProjectConfigurationPlatforms) = postSolution
		{9E78263F-118D-4BF3-B18A-149B128B8C59}.Debug|Any CPU.ActiveCfg = Debug|Any CPU
		{9E78263F-118D-4BF3-B18A-149B128B8C59}.Release|Any CPU.ActiveCfg = Release|Any CPU
	EndGlobalSection
	GlobalSection(SolutionProperties) = preSolution
		HideSolutionNode = FALSE
	EndGlobalSection
	GlobalSection(ExtensibilityGlobals) = postSolution
		SolutionGuid = {27968DC1-3372-4986-8055-9A36AD3B2B18}
	EndGlobalSection
EndGlobal
